
Microsoft Visual Studio Solution File, Format Version 12.00
# Visual Studio 2012
Project("{FAE04EC0-301F-11D3-BF4B-00C04F79EFBC}") = "TheBestSeries.Android", "TheBestSeries.Android\TheBestSeries.Android.csproj", "{9E6B8639-7297-48CB-B28D-BD80A697D246}"
EndProject
Project("{FAE04EC0-301F-11D3-BF4B-00C04F79EFBC}") = "TheBestSeries.iOS", "TheBestSeries.iOS\TheBestSeries.iOS.csproj", "{79AFB445-4932-4E87-BE29-096071289810}"
EndProject
Project("{FAE04EC0-301F-11D3-BF4B-00C04F79EFBC}") = "TheBestSeries", "TheBestSeries\TheBestSeries.csproj", "{169832AE-4EAC-4BDC-A76E-1EDBAD749B3E}"
EndProject
Global
	GlobalSection(SolutionConfigurationPlatforms) = preSolution
		Debug|Any CPU = Debug|Any CPU
		Release|Any CPU = Release|Any CPU
		Debug|iPhoneSimulator = Debug|iPhoneSimulator
		Release|iPhoneSimulator = Release|iPhoneSimulator
		Debug|iPhone = Debug|iPhone
		Release|iPhone = Release|iPhone
		Ad-Hoc|iPhone = Ad-Hoc|iPhone
		AppStore|iPhone = AppStore|iPhone
	EndGlobalSection
	GlobalSection(ProjectConfigurationPlatforms) = postSolution
		{9E6B8639-7297-48CB-B28D-BD80A697D246}.Debug|Any CPU.ActiveCfg = Debug|Any CPU
		{9E6B8639-7297-48CB-B28D-BD80A697D246}.Debug|Any CPU.Build.0 = Debug|Any CPU
		{9E6B8639-7297-48CB-B28D-BD80A697D246}.Release|Any CPU.ActiveCfg = Release|Any CPU
		{9E6B8639-7297-48CB-B28D-BD80A697D246}.Release|Any CPU.Build.0 = Release|Any CPU
		{9E6B8639-7297-48CB-B28D-BD80A697D246}.Debug|iPhoneSimulator.ActiveCfg = Debug|Any CPU
		{9E6B8639-7297-48CB-B28D-BD80A697D246}.Debug|iPhoneSimulator.Build.0 = Debug|Any CPU
		{9E6B8639-7297-48CB-B28D-BD80A697D246}.Release|iPhoneSimulator.ActiveCfg = Release|Any CPU
		{9E6B8639-7297-48CB-B28D-BD80A697D246}.Release|iPhoneSimulator.Build.0 = Release|Any CPU
		{9E6B8639-7297-48CB-B28D-BD80A697D246}.Debug|iPhone.ActiveCfg = Debug|Any CPU
		{9E6B8639-7297-48CB-B28D-BD80A697D246}.Debug|iPhone.Build.0 = Debug|Any CPU
		{9E6B8639-7297-48CB-B28D-BD80A697D246}.Release|iPhone.ActiveCfg = Release|Any CPU
		{9E6B8639-7297-48CB-B28D-BD80A697D246}.Release|iPhone.Build.0 = Release|Any CPU
		{9E6B8639-7297-48CB-B28D-BD80A697D246}.Ad-Hoc|iPhone.ActiveCfg = Debug|Any CPU
		{9E6B8639-7297-48CB-B28D-BD80A697D246}.Ad-Hoc|iPhone.Build.0 = Debug|Any CPU
		{9E6B8639-7297-48CB-B28D-BD80A697D246}.AppStore|iPhone.ActiveCfg = Debug|Any CPU
		{9E6B8639-7297-48CB-B28D-BD80A697D246}.AppStore|iPhone.Build.0 = Debug|Any CPU
		{79AFB445-4932-4E87-BE29-096071289810}.Debug|Any CPU.ActiveCfg = Debug|iPhoneSimulator
		{79AFB445-4932-4E87-BE29-096071289810}.Debug|Any CPU.Build.0 = Debug|iPhoneSimulator
		{79AFB445-4932-4E87-BE29-096071289810}.Release|Any CPU.ActiveCfg = Release|iPhoneSimulator
		{79AFB445-4932-4E87-BE29-096071289810}.Release|Any CPU.Build.0 = Release|iPhoneSimulator
		{79AFB445-4932-4E87-BE29-096071289810}.Debug|iPhoneSimulator.ActiveCfg = Debug|iPhoneSimulator
		{79AFB445-4932-4E87-BE29-096071289810}.Debug|iPhoneSimulator.Build.0 = Debug|iPhoneSimulator
		{79AFB445-4932-4E87-BE29-096071289810}.Release|iPhoneSimulator.ActiveCfg = Release|iPhoneSimulator
		{79AFB445-4932-4E87-BE29-096071289810}.Release|iPhoneSimulator.Build.0 = Release|iPhoneSimulator
		{79AFB445-4932-4E87-BE29-096071289810}.Debug|iPhone.ActiveCfg = Debug|iPhone
		{79AFB445-4932-4E87-BE29-096071289810}.Debug|iPhone.Build.0 = Debug|iPhone
		{79AFB445-4932-4E87-BE29-096071289810}.Release|iPhone.ActiveCfg = Release|iPhone
		{79AFB445-4932-4E87-BE29-096071289810}.Release|iPhone.Build.0 = Release|iPhone
		{79AFB445-4932-4E87-BE29-096071289810}.Ad-Hoc|iPhone.ActiveCfg = Ad-Hoc|iPhone
		{79AFB445-4932-4E87-BE29-096071289810}.Ad-Hoc|iPhone.Build.0 = Ad-Hoc|iPhone
		{79AFB445-4932-4E87-BE29-096071289810}.AppStore|iPhone.ActiveCfg = AppStore|iPhone
		{79AFB445-4932-4E87-BE29-096071289810}.AppStore|iPhone.Build.0 = AppStore|iPhone
		{169832AE-4EAC-4BDC-A76E-1EDBAD749B3E}.Debug|Any CPU.ActiveCfg = Debug|Any CPU
		{169832AE-4EAC-4BDC-A76E-1EDBAD749B3E}.Debug|Any CPU.Build.0 = Debug|Any CPU
		{169832AE-4EAC-4BDC-A76E-1EDBAD749B3E}.Release|Any CPU.ActiveCfg = Release|Any CPU
		{169832AE-4EAC-4BDC-A76E-1EDBAD749B3E}.Release|Any CPU.Build.0 = Release|Any CPU
		{169832AE-4EAC-4BDC-A76E-1EDBAD749B3E}.Debug|iPhoneSimulator.ActiveCfg = Debug|Any CPU
		{169832AE-4EAC-4BDC-A76E-1EDBAD749B3E}.Debug|iPhoneSimulator.Build.0 = Debug|Any CPU
		{169832AE-4EAC-4BDC-A76E-1EDBAD749B3E}.Release|iPhoneSimulator.ActiveCfg = Release|Any CPU
		{169832AE-4EAC-4BDC-A76E-1EDBAD749B3E}.Release|iPhoneSimulator.Build.0 = Release|Any CPU
		{169832AE-4EAC-4BDC-A76E-1EDBAD749B3E}.Debug|iPhone.ActiveCfg = Debug|Any CPU
		{169832AE-4EAC-4BDC-A76E-1EDBAD749B3E}.Debug|iPhone.Build.0 = Debug|Any CPU
		{169832AE-4EAC-4BDC-A76E-1EDBAD749B3E}.Release|iPhone.ActiveCfg = Release|Any CPU
		{169832AE-4EAC-4BDC-A76E-1EDBAD749B3E}.Release|iPhone.Build.0 = Release|Any CPU
		{169832AE-4EAC-4BDC-A76E-1EDBAD749B3E}.Ad-Hoc|iPhone.ActiveCfg = Debug|Any CPU
		{169832AE-4EAC-4BDC-A76E-1EDBAD749B3E}.Ad-Hoc|iPhone.Build.0 = Debug|Any CPU
		{169832AE-4EAC-4BDC-A76E-1EDBAD749B3E}.AppStore|iPhone.ActiveCfg = Debug|Any CPU
		{169832AE-4EAC-4BDC-A76E-1EDBAD749B3E}.AppStore|iPhone.Build.0 = Debug|Any CPU
	EndGlobalSection
EndGlobal
